// !$*UTF8*$!
{
	archiveVersion = 1;
	classes = {
	};
	objectVersion = 56;
	objects = {

/* Begin PBXBuildFile section */
		9D4AE8622B8205E600A2AC16 /* CalculatorApp.swift in Sources */ = {isa = PBXBuildFile; fileRef = 9D4AE8612B8205E600A2AC16 /* CalculatorApp.swift */; };
		9D4AE8642B8205E600A2AC16 /* ContentView.swift in Sources */ = {isa = PBXBuildFile; fileRef = 9D4AE8632B8205E600A2AC16 /* ContentView.swift */; };
		9D4AE8662B8205E700A2AC16 /* Assets.xcassets in Resources */ = {isa = PBXBuildFile; fileRef = 9D4AE8652B8205E700A2AC16 /* Assets.xcassets */; };
		9D4AE8692B8205E700A2AC16 /* Preview Assets.xcassets in Resources */ = {isa = PBXBuildFile; fileRef = 9D4AE8682B8205E700A2AC16 /* Preview Assets.xcassets */; };
		9D4AE8732B8205E700A2AC16 /* CalculatorTests.swift in Sources */ = {isa = PBXBuildFile; fileRef = 9D4AE8722B8205E700A2AC16 /* CalculatorTests.swift */; };
		9D4AE87D2B8205E700A2AC16 /* CalculatorUITests.swift in Sources */ = {isa = PBXBuildFile; fileRef = 9D4AE87C2B8205E700A2AC16 /* CalculatorUITests.swift */; };
		9D4AE87F2B8205E700A2AC16 /* CalculatorUITestsLaunchTests.swift in Sources */ = {isa = PBXBuildFile; fileRef = 9D4AE87E2B8205E700A2AC16 /* CalculatorUITestsLaunchTests.swift */; };
		9D4AE88D2B82074400A2AC16 /* Home.swift in Sources */ = {isa = PBXBuildFile; fileRef = 9D4AE88C2B82074400A2AC16 /* Home.swift */; };
		9D4AE8902B820A0B00A2AC16 /* CalculatorButtons.swift in Sources */ = {isa = PBXBuildFile; fileRef = 9D4AE88F2B820A0B00A2AC16 /* CalculatorButtons.swift */; };
/* End PBXBuildFile section */

/* Begin PBXContainerItemProxy section */
		9D4AE86F2B8205E700A2AC16 /* PBXContainerItemProxy */ = {
			isa = PBXContainerItemProxy;
			containerPortal = 9D4AE8562B8205E600A2AC16 /* Project object */;
			proxyType = 1;
			remoteGlobalIDString = 9D4AE85D2B8205E600A2AC16;
			remoteInfo = Calculator;
		};
		9D4AE8792B8205E700A2AC16 /* PBXContainerItemProxy */ = {
			isa = PBXContainerItemProxy;
			containerPortal = 9D4AE8562B8205E600A2AC16 /* Project object */;
			proxyType = 1;
			remoteGlobalIDString = 9D4AE85D2B8205E600A2AC16;
			remoteInfo = Calculator;
		};
/* End PBXContainerItemProxy section */

/* Begin PBXFileReference section */
		9D4AE85E2B8205E600A2AC16 /* Calculator.app */ = {isa = PBXFileReference; explicitFileType = wrapper.application; includeInIndex = 0; path = Calculator.app; sourceTree = BUILT_PRODUCTS_DIR; };
		9D4AE8612B8205E600A2AC16 /* CalculatorApp.swift */ = {isa = PBXFileReference; lastKnownFileType = sourcecode.swift; path = CalculatorApp.swift; sourceTree = "<group>"; };
		9D4AE8632B8205E600A2AC16 /* ContentView.swift */ = {isa = PBXFileReference; lastKnownFileType = sourcecode.swift; path = ContentView.swift; sourceTree = "<group>"; };
		9D4AE8652B8205E700A2AC16 /* Assets.xcassets */ = {isa = PBXFileReference; lastKnownFileType = folder.assetcatalog; path = Assets.xcassets; sourceTree = "<group>"; };
		9D4AE8682B8205E700A2AC16 /* Preview Assets.xcassets */ = {isa = PBXFileReference; lastKnownFileType = folder.assetcatalog; path = "Preview Assets.xcassets"; sourceTree = "<group>"; };
		9D4AE86E2B8205E700A2AC16 /* CalculatorTests.xctest */ = {isa = PBXFileReference; explicitFileType = wrapper.cfbundle; includeInIndex = 0; path = CalculatorTests.xctest; sourceTree = BUILT_PRODUCTS_DIR; };
		9D4AE8722B8205E700A2AC16 /* CalculatorTests.swift */ = {isa = PBXFileReference; lastKnownFileType = sourcecode.swift; path = CalculatorTests.swift; sourceTree = "<group>"; };
		9D4AE8782B8205E700A2AC16 /* CalculatorUITests.xctest */ = {isa = PBXFileReference; explicitFileType = wrapper.cfbundle; includeInIndex = 0; path = CalculatorUITests.xctest; sourceTree = BUILT_PRODUCTS_DIR; };
		9D4AE87C2B8205E700A2AC16 /* CalculatorUITests.swift */ = {isa = PBXFileReference; lastKnownFileType = sourcecode.swift; path = CalculatorUITests.swift; sourceTree = "<group>"; };
		9D4AE87E2B8205E700A2AC16 /* CalculatorUITestsLaunchTests.swift */ = {isa = PBXFileReference; lastKnownFileType = sourcecode.swift; path = CalculatorUITestsLaunchTests.swift; sourceTree = "<group>"; };
		9D4AE88C2B82074400A2AC16 /* Home.swift */ = {isa = PBXFileReference; lastKnownFileType = sourcecode.swift; path = Home.swift; sourceTree = "<group>"; };
		9D4AE88F2B820A0B00A2AC16 /* CalculatorButtons.swift */ = {isa = PBXFileReference; lastKnownFileType = sourcecode.swift; path = CalculatorButtons.swift; sourceTree = "<group>"; };
/* End PBXFileReference section */

/* Begin PBXFrameworksBuildPhase section */
		9D4AE85B2B8205E600A2AC16 /* Frameworks */ = {
			isa = PBXFrameworksBuildPhase;
			buildActionMask = 2147483647;
			files = (
			);
			runOnlyForDeploymentPostprocessing = 0;
		};
		9D4AE86B2B8205E700A2AC16 /* Frameworks */ = {
			isa = PBXFrameworksBuildPhase;
			buildActionMask = 2147483647;
			files = (
			);
			runOnlyForDeploymentPostprocessing = 0;
		};
		9D4AE8752B8205E700A2AC16 /* Frameworks */ = {
			isa = PBXFrameworksBuildPhase;
			buildActionMask = 2147483647;
			files = (
			);
			runOnlyForDeploymentPostprocessing = 0;
		};
/* End PBXFrameworksBuildPhase section */

/* Begin PBXGroup section */
		9D4AE8552B8205E600A2AC16 = {
			isa = PBXGroup;
			children = (
				9D4AE8602B8205E600A2AC16 /* Calculator */,
				9D4AE8712B8205E700A2AC16 /* CalculatorTests */,
				9D4AE87B2B8205E700A2AC16 /* CalculatorUITests */,
				9D4AE85F2B8205E600A2AC16 /* Products */,
			);
			sourceTree = "<group>";
		};
		9D4AE85F2B8205E600A2AC16 /* Products */ = {
			isa = PBXGroup;
			children = (
				9D4AE85E2B8205E600A2AC16 /* Calculator.app */,
				9D4AE86E2B8205E700A2AC16 /* CalculatorTests.xctest */,
				9D4AE8782B8205E700A2AC16 /* CalculatorUITests.xctest */,
			);
			name = Products;
			sourceTree = "<group>";
		};
		9D4AE8602B8205E600A2AC16 /* Calculator */ = {
			isa = PBXGroup;
			children = (
				9D4AE88B2B82071300A2AC16 /* Views */,
				9D4AE8612B8205E600A2AC16 /* CalculatorApp.swift */,
				9D4AE8632B8205E600A2AC16 /* ContentView.swift */,
				9D4AE88E2B82099B00A2AC16 /* Model */,
				9D4AE8652B8205E700A2AC16 /* Assets.xcassets */,
				9D4AE8672B8205E700A2AC16 /* Preview Content */,
			);
			path = Calculator;
			sourceTree = "<group>";
		};
		9D4AE8672B8205E700A2AC16 /* Preview Content */ = {
			isa = PBXGroup;
			children = (
				9D4AE8682B8205E700A2AC16 /* Preview Assets.xcassets */,
			);
			path = "Preview Content";
			sourceTree = "<group>";
		};
		9D4AE8712B8205E700A2AC16 /* CalculatorTests */ = {
			isa = PBXGroup;
			children = (
				9D4AE8722B8205E700A2AC16 /* CalculatorTests.swift */,
			);
			path = CalculatorTests;
			sourceTree = "<group>";
		};
		9D4AE87B2B8205E700A2AC16 /* CalculatorUITests */ = {
			isa = PBXGroup;
			children = (
				9D4AE87C2B8205E700A2AC16 /* CalculatorUITests.swift */,
				9D4AE87E2B8205E700A2AC16 /* CalculatorUITestsLaunchTests.swift */,
			);
			path = CalculatorUITests;
			sourceTree = "<group>";
		};
		9D4AE88B2B82071300A2AC16 /* Views */ = {
			isa = PBXGroup;
			children = (
				9D4AE88C2B82074400A2AC16 /* Home.swift */,
			);
			path = Views;
			sourceTree = "<group>";
		};
		9D4AE88E2B82099B00A2AC16 /* Model */ = {
			isa = PBXGroup;
			children = (
				9D4AE88F2B820A0B00A2AC16 /* CalculatorButtons.swift */,
			);
			path = Model;
			sourceTree = "<group>";
		};
/* End PBXGroup section */

/* Begin PBXNativeTarget section */
		9D4AE85D2B8205E600A2AC16 /* Calculator */ = {
			isa = PBXNativeTarget;
			buildConfigurationList = 9D4AE8822B8205E700A2AC16 /* Build configuration list for PBXNativeTarget "Calculator" */;
			buildPhases = (
				9D4AE85A2B8205E600A2AC16 /* Sources */,
				9D4AE85B2B8205E600A2AC16 /* Frameworks */,
				9D4AE85C2B8205E600A2AC16 /* Resources */,
			);
			buildRules = (
			);
			dependencies = (
			);
			name = Calculator;
			productName = Calculator;
			productReference = 9D4AE85E2B8205E600A2AC16 /* Calculator.app */;
			productType = "com.apple.product-type.application";
		};
		9D4AE86D2B8205E700A2AC16 /* CalculatorTests */ = {
			isa = PBXNativeTarget;
			buildConfigurationList = 9D4AE8852B8205E700A2AC16 /* Build configuration list for PBXNativeTarget "CalculatorTests" */;
			buildPhases = (
				9D4AE86A2B8205E700A2AC16 /* Sources */,
				9D4AE86B2B8205E700A2AC16 /* Frameworks */,
				9D4AE86C2B8205E700A2AC16 /* Resources */,
			);
			buildRules = (
			);
			dependencies = (
				9D4AE8702B8205E700A2AC16 /* PBXTargetDependency */,
			);
			name = CalculatorTests;
			productName = CalculatorTests;
			productReference = 9D4AE86E2B8205E700A2AC16 /* CalculatorTests.xctest */;
			productType = "com.apple.product-type.bundle.unit-test";
		};
		9D4AE8772B8205E700A2AC16 /* CalculatorUITests */ = {
			isa = PBXNativeTarget;
			buildConfigurationList = 9D4AE8882B8205E700A2AC16 /* Build configuration list for PBXNativeTarget "CalculatorUITests" */;
			buildPhases = (
				9D4AE8742B8205E700A2AC16 /* Sources */,
				9D4AE8752B8205E700A2AC16 /* Frameworks */,
				9D4AE8762B8205E700A2AC16 /* Resources */,
			);
			buildRules = (
			);
			dependencies = (
				9D4AE87A2B8205E700A2AC16 /* PBXTargetDependency */,
			);
			name = CalculatorUITests;
			productName = CalculatorUITests;
			productReference = 9D4AE8782B8205E700A2AC16 /* CalculatorUITests.xctest */;
			productType = "com.apple.product-type.bundle.ui-testing";
		};
/* End PBXNativeTarget section */

/* Begin PBXProject section */
		9D4AE8562B8205E600A2AC16 /* Project object */ = {
			isa = PBXProject;
			attributes = {
				BuildIndependentTargetsInParallel = 1;
				LastSwiftUpdateCheck = 1520;
				LastUpgradeCheck = 1520;
				TargetAttributes = {
					9D4AE85D2B8205E600A2AC16 = {
						CreatedOnToolsVersion = 15.2;
					};
					9D4AE86D2B8205E700A2AC16 = {
						CreatedOnToolsVersion = 15.2;
						TestTargetID = 9D4AE85D2B8205E600A2AC16;
					};
					9D4AE8772B8205E700A2AC16 = {
						CreatedOnToolsVersion = 15.2;
						TestTargetID = 9D4AE85D2B8205E600A2AC16;
					};
				};
			};
			buildConfigurationList = 9D4AE8592B8205E600A2AC16 /* Build configuration list for PBXProject "Calculator" */;
			compatibilityVersion = "Xcode 14.0";
			developmentRegion = en;
			hasScannedForEncodings = 0;
			knownRegions = (
				en,
				Base,
			);
			mainGroup = 9D4AE8552B8205E600A2AC16;
			productRefGroup = 9D4AE85F2B8205E600A2AC16 /* Products */;
			projectDirPath = "";
			projectRoot = "";
			targets = (
				9D4AE85D2B8205E600A2AC16 /* Calculator */,
				9D4AE86D2B8205E700A2AC16 /* CalculatorTests */,
				9D4AE8772B8205E700A2AC16 /* CalculatorUITests */,
			);
		};
/* End PBXProject section */

/* Begin PBXResourcesBuildPhase section */
		9D4AE85C2B8205E600A2AC16 /* Resources */ = {
			isa = PBXResourcesBuildPhase;
			buildActionMask = 2147483647;
			files = (
				9D4AE8692B8205E700A2AC16 /* Preview Assets.xcassets in Resources */,
				9D4AE8662B8205E700A2AC16 /* Assets.xcassets in Resources */,
			);
			runOnlyForDeploymentPostprocessing = 0;
		};
		9D4AE86C2B8205E700A2AC16 /* Resources */ = {
			isa = PBXResourcesBuildPhase;
			buildActionMask = 2147483647;
			files = (
			);
			runOnlyForDeploymentPostprocessing = 0;
		};
		9D4AE8762B8205E700A2AC16 /* Resources */ = {
			isa = PBXResourcesBuildPhase;
			buildActionMask = 2147483647;
			files = (
			);
			runOnlyForDeploymentPostprocessing = 0;
		};
/* End PBXResourcesBuildPhase section */

/* Begin PBXSourcesBuildPhase section */
		9D4AE85A2B8205E600A2AC16 /* Sources */ = {
			isa = PBXSourcesBuildPhase;
			buildActionMask = 2147483647;
			files = (
				9D4AE8642B8205E600A2AC16 /* ContentView.swift in Sources */,
				9D4AE88D2B82074400A2AC16 /* Home.swift in Sources */,
				9D4AE8622B8205E600A2AC16 /* CalculatorApp.swift in Sources */,
				9D4AE8902B820A0B00A2AC16 /* CalculatorButtons.swift in Sources */,
			);
			runOnlyForDeploymentPostprocessing = 0;
		};
		9D4AE86A2B8205E700A2AC16 /* Sources */ = {
			isa = PBXSourcesBuildPhase;
			buildActionMask = 2147483647;
			files = (
				9D4AE8732B8205E700A2AC16 /* CalculatorTests.swift in Sources */,
			);
			runOnlyForDeploymentPostprocessing = 0;
		};
		9D4AE8742B8205E700A2AC16 /* Sources */ = {
			isa = PBXSourcesBuildPhase;
			buildActionMask = 2147483647;
			files = (
				9D4AE87F2B8205E700A2AC16 /* CalculatorUITestsLaunchTests.swift in Sources */,
				9D4AE87D2B8205E700A2AC16 /* CalculatorUITests.swift in Sources */,
			);
			runOnlyForDeploymentPostprocessing = 0;
		};
/* End PBXSourcesBuildPhase section */

/* Begin PBXTargetDependency section */
		9D4AE8702B8205E700A2AC16 /* PBXTargetDependency */ = {
			isa = PBXTargetDependency;
			target = 9D4AE85D2B8205E600A2AC16 /* Calculator */;
			targetProxy = 9D4AE86F2B8205E700A2AC16 /* PBXContainerItemProxy */;
		};
		9D4AE87A2B8205E700A2AC16 /* PBXTargetDependency */ = {
			isa = PBXTargetDependency;
			target = 9D4AE85D2B8205E600A2AC16 /* Calculator */;
			targetProxy = 9D4AE8792B8205E700A2AC16 /* PBXContainerItemProxy */;
		};
/* End PBXTargetDependency section */

/* Begin XCBuildConfiguration section */
		9D4AE8802B8205E700A2AC16 /* Debug */ = {
			isa = XCBuildConfiguration;
			buildSettings = {
				ALWAYS_SEARCH_USER_PATHS = NO;
				ASSETCATALOG_COMPILER_GENERATE_SWIFT_ASSET_SYMBOL_EXTENSIONS = YES;
				CLANG_ANALYZER_NONNULL = YES;
				CLANG_ANALYZER_NUMBER_OBJECT_CONVERSION = YES_AGGRESSIVE;
				CLANG_CXX_LANGUAGE_STANDARD = "gnu++20";
				CLANG_ENABLE_MODULES = YES;
				CLANG_ENABLE_OBJC_ARC = YES;
				CLANG_ENABLE_OBJC_WEAK = YES;
				CLANG_WARN_BLOCK_CAPTURE_AUTORELEASING = YES;
				CLANG_WARN_BOOL_CONVERSION = YES;
				CLANG_WARN_COMMA = YES;
				CLANG_WARN_CONSTANT_CONVERSION = YES;
				CLANG_WARN_DEPRECATED_OBJC_IMPLEMENTATIONS = YES;
				CLANG_WARN_DIRECT_OBJC_ISA_USAGE = YES_ERROR;
				CLANG_WARN_DOCUMENTATION_COMMENTS = YES;
				CLANG_WARN_EMPTY_BODY = YES;
				CLANG_WARN_ENUM_CONVERSION = YES;
				CLANG_WARN_INFINITE_RECURSION = YES;
				CLANG_WARN_INT_CONVERSION = YES;
				CLANG_WARN_NON_LITERAL_NULL_CONVERSION = YES;
				CLANG_WARN_OBJC_IMPLICIT_RETAIN_SELF = YES;
				CLANG_WARN_OBJC_LITERAL_CONVERSION = YES;
				CLANG_WARN_OBJC_ROOT_CLASS = YES_ERROR;
				CLANG_WARN_QUOTED_INCLUDE_IN_FRAMEWORK_HEADER = YES;
				CLANG_WARN_RANGE_LOOP_ANALYSIS = YES;
				CLANG_WARN_STRICT_PROTOTYPES = YES;
				CLANG_WARN_SUSPICIOUS_MOVE = YES;
				CLANG_WARN_UNGUARDED_AVAILABILITY = YES_AGGRESSIVE;
				CLANG_WARN_UNREACHABLE_CODE = YES;
				CLANG_WARN__DUPLICATE_METHOD_MATCH = YES;
				COPY_PHASE_STRIP = NO;
				DEBUG_INFORMATION_FORMAT = dwarf;
				ENABLE_STRICT_OBJC_MSGSEND = YES;
				ENABLE_TESTABILITY = YES;
				ENABLE_USER_SCRIPT_SANDBOXING = YES;
				GCC_C_LANGUAGE_STANDARD = gnu17;
				GCC_DYNAMIC_NO_PIC = NO;
				GCC_NO_COMMON_BLOCKS = YES;
				GCC_OPTIMIZATION_LEVEL = 0;
				GCC_PREPROCESSOR_DEFINITIONS = (
					"DEBUG=1",
					"$(inherited)",
				);
				GCC_WARN_64_TO_32_BIT_CONVERSION = YES;
				GCC_WARN_ABOUT_RETURN_TYPE = YES_ERROR;
				GCC_WARN_UNDECLARED_SELECTOR = YES;
				GCC_WARN_UNINITIALIZED_AUTOS = YES_AGGRESSIVE;
				GCC_WARN_UNUSED_FUNCTION = YES;
				GCC_WARN_UNUSED_VARIABLE = YES;
				IPHONEOS_DEPLOYMENT_TARGET = 17.2;
				LOCALIZATION_PREFERS_STRING_CATALOGS = YES;
				MTL_ENABLE_DEBUG_INFO = INCLUDE_SOURCE;
				MTL_FAST_MATH = YES;
				ONLY_ACTIVE_ARCH = YES;
				SDKROOT = iphoneos;
				SWIFT_ACTIVE_COMPILATION_CONDITIONS = "DEBUG $(inherited)";
				SWIFT_OPTIMIZATION_LEVEL = "-Onone";
			};
			name = Debug;
		};
		9D4AE8812B8205E700A2AC16 /* Release */ = {
			isa = XCBuildConfiguration;
			buildSettings = {
				ALWAYS_SEARCH_USER_PATHS = NO;
				ASSETCATALOG_COMPILER_GENERATE_SWIFT_ASSET_SYMBOL_EXTENSIONS = YES;
				CLANG_ANALYZER_NONNULL = YES;
				CLANG_ANALYZER_NUMBER_OBJECT_CONVERSION = YES_AGGRESSIVE;
				CLANG_CXX_LANGUAGE_STANDARD = "gnu++20";
				CLANG_ENABLE_MODULES = YES;
				CLANG_ENABLE_OBJC_ARC = YES;
				CLANG_ENABLE_OBJC_WEAK = YES;
				CLANG_WARN_BLOCK_CAPTURE_AUTORELEASING = YES;
				CLANG_WARN_BOOL_CONVERSION = YES;
				CLANG_WARN_COMMA = YES;
				CLANG_WARN_CONSTANT_CONVERSION = YES;
				CLANG_WARN_DEPRECATED_OBJC_IMPLEMENTATIONS = YES;
				CLANG_WARN_DIRECT_OBJC_ISA_USAGE = YES_ERROR;
				CLANG_WARN_DOCUMENTATION_COMMENTS = YES;
				CLANG_WARN_EMPTY_BODY = YES;
				CLANG_WARN_ENUM_CONVERSION = YES;
				CLANG_WARN_INFINITE_RECURSION = YES;
				CLANG_WARN_INT_CONVERSION = YES;
				CLANG_WARN_NON_LITERAL_NULL_CONVERSION = YES;
				CLANG_WARN_OBJC_IMPLICIT_RETAIN_SELF = YES;
				CLANG_WARN_OBJC_LITERAL_CONVERSION = YES;
				CLANG_WARN_OBJC_ROOT_CLASS = YES_ERROR;
				CLANG_WARN_QUOTED_INCLUDE_IN_FRAMEWORK_HEADER = YES;
				CLANG_WARN_RANGE_LOOP_ANALYSIS = YES;
				CLANG_WARN_STRICT_PROTOTYPES = YES;
				CLANG_WARN_SUSPICIOUS_MOVE = YES;
				CLANG_WARN_UNGUARDED_AVAILABILITY = YES_AGGRESSIVE;
				CLANG_WARN_UNREACHABLE_CODE = YES;
				CLANG_WARN__DUPLICATE_METHOD_MATCH = YES;
				COPY_PHASE_STRIP = NO;
				DEBUG_INFORMATION_FORMAT = "dwarf-with-dsym";
				ENABLE_NS_ASSERTIONS = NO;
				ENABLE_STRICT_OBJC_MSGSEND = YES;
				ENABLE_USER_SCRIPT_SANDBOXING = YES;
				GCC_C_LANGUAGE_STANDARD = gnu17;
				GCC_NO_COMMON_BLOCKS = YES;
				GCC_WARN_64_TO_32_BIT_CONVERSION = YES;
				GCC_WARN_ABOUT_RETURN_TYPE = YES_ERROR;
				GCC_WARN_UNDECLARED_SELECTOR = YES;
				GCC_WARN_UNINITIALIZED_AUTOS = YES_AGGRESSIVE;
				GCC_WARN_UNUSED_FUNCTION = YES;
				GCC_WARN_UNUSED_VARIABLE = YES;
				IPHONEOS_DEPLOYMENT_TARGET = 17.2;
				LOCALIZATION_PREFERS_STRING_CATALOGS = YES;
				MTL_ENABLE_DEBUG_INFO = NO;
				MTL_FAST_MATH = YES;
				SDKROOT = iphoneos;
				SWIFT_COMPILATION_MODE = wholemodule;
				VALIDATE_PRODUCT = YES;
			};
			name = Release;
		};
		9D4AE8832B8205E700A2AC16 /* Debug */ = {
			isa = XCBuildConfiguration;
			buildSettings = {
				ASSETCATALOG_COMPILER_APPICON_NAME = AppIcon;
				ASSETCATALOG_COMPILER_GLOBAL_ACCENT_COLOR_NAME = AccentColor;
				CODE_SIGN_STYLE = Automatic;
				CURRENT_PROJECT_VERSION = 1;
				DEVELOPMENT_ASSET_PATHS = "\"Calculator/Preview Content\"";
				ENABLE_PREVIEWS = YES;
				GENERATE_INFOPLIST_FILE = YES;
				INFOPLIST_KEY_UIApplicationSceneManifest_Generation = YES;
				INFOPLIST_KEY_UIApplicationSupportsIndirectInputEvents = YES;
				INFOPLIST_KEY_UILaunchScreen_Generation = YES;
				INFOPLIST_KEY_UISupportedInterfaceOrientations = UIInterfaceOrientationPortrait;
				INFOPLIST_KEY_UISupportedInterfaceOrientations_iPad = "UIInterfaceOrientationLandscapeLeft UIInterfaceOrientationLandscapeRight UIInterfaceOrientationPortrait UIInterfaceOrientationPortraitUpsideDown";
				LD_RUNPATH_SEARCH_PATHS = (
					"$(inherited)",
					"@executable_path/Frameworks",
				);
				MARKETING_VERSION = 1.0;
				PRODUCT_BUNDLE_IDENTIFIER = com.aljulaibi.Calculator;
				PRODUCT_NAME = "$(TARGET_NAME)";
				SWIFT_EMIT_LOC_STRINGS = YES;
				SWIFT_VERSION = 5.0;
				TARGETED_DEVICE_FAMILY = "1,2";
			};
			name = Debug;
		};
		9D4AE8842B8205E700A2AC16 /* Release */ = {
			isa = XCBuildConfiguration;
			buildSettings = {
				ASSETCATALOG_COMPILER_APPICON_NAME = AppIcon;
				ASSETCATALOG_COMPILER_GLOBAL_ACCENT_COLOR_NAME = AccentColor;
				CODE_SIGN_STYLE = Automatic;
				CURRENT_PROJECT_VERSION = 1;
				DEVELOPMENT_ASSET_PATHS = "\"Calculator/Preview Content\"";
				ENABLE_PREVIEWS = YES;
				GENERATE_INFOPLIST_FILE = YES;
				INFOPLIST_KEY_UIApplicationSceneManifest_Generation = YES;
				INFOPLIST_KEY_UIApplicationSupportsIndirectInputEvents = YES;
				INFOPLIST_KEY_UILaunchScreen_Generation = YES;
				INFOPLIST_KEY_UISupportedInterfaceOrientations = UIInterfaceOrientationPortrait;
				INFOPLIST_KEY_UISupportedInterfaceOrientations_iPad = "UIInterfaceOrientationLandscapeLeft UIInterfaceOrientationLandscapeRight UIInterfaceOrientationPortrait UIInterfaceOrientationPortraitUpsideDown";
				LD_RUNPATH_SEARCH_PATHS = (
					"$(inherited)",
					"@executable_path/Frameworks",
				);
				MARKETING_VERSION = 1.0;
				PRODUCT_BUNDLE_IDENTIFIER = com.aljulaibi.Calculator;
				PRODUCT_NAME = "$(TARGET_NAME)";
				SWIFT_EMIT_LOC_STRINGS = YES;
				SWIFT_VERSION = 5.0;
				TARGETED_DEVICE_FAMILY = "1,2";
			};
			name = Release;
		};
		9D4AE8862B8205E700A2AC16 /* Debug */ = {
			isa = XCBuildConfiguration;
			buildSettings = {
				ALWAYS_EMBED_SWIFT_STANDARD_LIBRARIES = YES;
				BUNDLE_LOADER = "$(TEST_HOST)";
				CODE_SIGN_STYLE = Automatic;
				CURRENT_PROJECT_VERSION = 1;
				GENERATE_INFOPLIST_FILE = YES;
				IPHONEOS_DEPLOYMENT_TARGET = 17.2;
				MARKETING_VERSION = 1.0;
				PRODUCT_BUNDLE_IDENTIFIER = com.aljulaibi.CalculatorTests;
				PRODUCT_NAME = "$(TARGET_NAME)";
				SWIFT_EMIT_LOC_STRINGS = NO;
				SWIFT_VERSION = 5.0;
				TARGETED_DEVICE_FAMILY = "1,2";
				TEST_HOST = "$(BUILT_PRODUCTS_DIR)/Calculator.app/$(BUNDLE_EXECUTABLE_FOLDER_PATH)/Calculator";
			};
			name = Debug;
		};
		9D4AE8872B8205E700A2AC16 /* Release */ = {
			isa = XCBuildConfiguration;
			buildSettings = {
				ALWAYS_EMBED_SWIFT_STANDARD_LIBRARIES = YES;
				BUNDLE_LOADER = "$(TEST_HOST)";
				CODE_SIGN_STYLE = Automatic;
				CURRENT_PROJECT_VERSION = 1;
				GENERATE_INFOPLIST_FILE = YES;
				IPHONEOS_DEPLOYMENT_TARGET = 17.2;
				MARKETING_VERSION = 1.0;
				PRODUCT_BUNDLE_IDENTIFIER = com.aljulaibi.CalculatorTests;
				PRODUCT_NAME = "$(TARGET_NAME)";
				SWIFT_EMIT_LOC_STRINGS = NO;
				SWIFT_VERSION = 5.0;
				TARGETED_DEVICE_FAMILY = "1,2";
				TEST_HOST = "$(BUILT_PRODUCTS_DIR)/Calculator.app/$(BUNDLE_EXECUTABLE_FOLDER_PATH)/Calculator";
			};
			name = Release;
		};
		9D4AE8892B8205E700A2AC16 /* Debug */ = {
			isa = XCBuildConfiguration;
			buildSettings = {
				ALWAYS_EMBED_SWIFT_STANDARD_LIBRARIES = YES;
				CODE_SIGN_STYLE = Automatic;
				CURRENT_PROJECT_VERSION = 1;
				GENERATE_INFOPLIST_FILE = YES;
				MARKETING_VERSION = 1.0;
				PRODUCT_BUNDLE_IDENTIFIER = com.aljulaibi.CalculatorUITests;
				PRODUCT_NAME = "$(TARGET_NAME)";
				SWIFT_EMIT_LOC_STRINGS = NO;
				SWIFT_VERSION = 5.0;
				TARGETED_DEVICE_FAMILY = "1,2";
				TEST_TARGET_NAME = Calculator;
			};
			name = Debug;
		};
		9D4AE88A2B8205E700A2AC16 /* Release */ = {
			isa = XCBuildConfiguration;
			buildSettings = {
				ALWAYS_EMBED_SWIFT_STANDARD_LIBRARIES = YES;
				CODE_SIGN_STYLE = Automatic;
				CURRENT_PROJECT_VERSION = 1;
				GENERATE_INFOPLIST_FILE = YES;
				MARKETING_VERSION = 1.0;
				PRODUCT_BUNDLE_IDENTIFIER = com.aljulaibi.CalculatorUITests;
				PRODUCT_NAME = "$(TARGET_NAME)";
				SWIFT_EMIT_LOC_STRINGS = NO;
				SWIFT_VERSION = 5.0;
				TARGETED_DEVICE_FAMILY = "1,2";
				TEST_TARGET_NAME = Calculator;
			};
			name = Release;
		};
/* End XCBuildConfiguration section */

/* Begin XCConfigurationList section */
		9D4AE8592B8205E600A2AC16 /* Build configuration list for PBXProject "Calculator" */ = {
			isa = XCConfigurationList;
			buildConfigurations = (
				9D4AE8802B8205E700A2AC16 /* Debug */,
				9D4AE8812B8205E700A2AC16 /* Release */,
			);
			defaultConfigurationIsVisible = 0;
			defaultConfigurationName = Release;
		};
		9D4AE8822B8205E700A2AC16 /* Build configuration list for PBXNativeTarget "Calculator" */ = {
			isa = XCConfigurationList;
			buildConfigurations = (
				9D4AE8832B8205E700A2AC16 /* Debug */,
				9D4AE8842B8205E700A2AC16 /* Release */,
			);
			defaultConfigurationIsVisible = 0;
			defaultConfigurationName = Release;
		};
		9D4AE8852B8205E700A2AC16 /* Build configuration list for PBXNativeTarget "CalculatorTests" */ = {
			isa = XCConfigurationList;
			buildConfigurations = (
				9D4AE8862B8205E700A2AC16 /* Debug */,
				9D4AE8872B8205E700A2AC16 /* Release */,
			);
			defaultConfigurationIsVisible = 0;
			defaultConfigurationName = Release;
		};
		9D4AE8882B8205E700A2AC16 /* Build configuration list for PBXNativeTarget "CalculatorUITests" */ = {
			isa = XCConfigurationList;
			buildConfigurations = (
				9D4AE8892B8205E700A2AC16 /* Debug */,
				9D4AE88A2B8205E700A2AC16 /* Release */,
			);
			defaultConfigurationIsVisible = 0;
			defaultConfigurationName = Release;
		};
/* End XCConfigurationList section */
	};
	rootObject = 9D4AE8562B8205E600A2AC16 /* Project object */;
}
